{
  "name": "exam-online-frontend-v2",
  "version": "1.0.0",
  "lockfileVersion": 3,
  "requires": true,
  "packages": {
    "": {
      "name": "exam-online-frontend-v2",
      "version": "1.0.0",
      "dependencies": {
        "@dicebear/collection": "^9.4.2",
        "@dicebear/core": "^9.4.3"
      },
      "devDependencies": {
        "typescript": "^5.7.0"
      }
    },
    "node_modules/@dicebear/adventurer": {
      "version": "9.4.2",
      "resolved": "https://registry.npmmirror.com/@dicebear/adventurer/-/adventurer-9.4.2.tgz",
      "integrity": "sha512-jqYp834ZmGDA9HBBDQAdgF1O2UTCwHF4vVrktXWa2Dppp1JczPL5HnVOWsjtrLmXNn61Wd6OLmBb2e6rhzp3ig==",
      "license": "(MIT AND CC-BY-4.0)",
      "engines": {
        "node": ">=18.0.0"
      },
      "peerDependencies": {
        "@dicebear/core": "^9.0.0"
      }
    },
    "node_modules/@dicebear/adventurer-neutral": {
      "version": "9.4.2",
      "resolved": "https://registry.npmmirror.com/@dicebear/adventurer-neutral/-/adventurer-neutral-9.4.2.tgz",
      "integrity": "sha512-5xgkG/mNL4j3Q4SJGQLBU/KnU90tng8Ze5ofThD+55wi0oeY/nSAUowg6UFCmHrktjifj/MEx3CQqbpcPWtfIA==",
      "license": "(MIT AND CC-BY-4.0)",
      "engines": {
        "node": ">=18.0.0"
      },
      "peerDependencies": {
        "@dicebear/core": "^9.0.0"
      }
    },
    "node_modules/@dicebear/avataaars": {
      "version": "9.4.2",
      "resolved": "https://registry.npmmirror.com/@dicebear/avataaars/-/avataaars-9.4.2.tgz",
      "integrity": "sha512-3x9jKFkOkFSPmpTbt9xvhiU2E1GX7beCSsX0tXRUShj8x6+5Ks9yBRT1VlkySbnXrZ/GglADGg7vJ/D2uIx1Yw==",
      "license": "See LICENSE file",
      "engines": {
        "node": ">=18.0.0"
      },
      "peerDependencies": {
        "@dicebear/core": "^9.0.0"
      }
    },
    "node_modules/@dicebear/avataaars-neutral": {
      "version": "9.4.2",
      "resolved": "https://registry.npmmirror.com/@dicebear/avataaars-neutral/-/avataaars-neutral-9.4.2.tgz",
      "integrity": "sha512-/eNrp0YCNJRwQXqOloLm1+3Ss2C+pMpUQIGkbEnGsP1UK+13Ge80ggDDof1HpdqvG9HAZcKa7hnbG/0HSwyDSw==",
      "license": "See LICENSE file",
      "engines": {
        "node": ">=18.0.0"
      },
      "peerDependencies": {
        "@dicebear/core": "^9.0.0"
      }
    },
    "node_modules/@dicebear/big-ears": {
      "version": "9.4.2",
      "resolved": "https://registry.npmmirror.com/@dicebear/big-ears/-/big-ears-9.4.2.tgz",
      "integrity": "sha512-mNfz3ppNA7UBq0IO3nXCiV5pFPG7c1DfzRB0foNU2Wo1XXT8FIcSY2BvDlYqorZTOUOz7dHb0vx06hqvG0HP5w==",
      "license": "(MIT AND CC-BY-4.0)",
      "engines": {
        "node": ">=18.0.0"
      },
      "peerDependencies": {
        "@dicebear/core": "^9.0.0"
      }
    },
    "node_modules/@dicebear/big-ears-neutral": {
      "version": "9.4.2",
      "resolved": "https://registry.npmmirror.com/@dicebear/big-ears-neutral/-/big-ears-neutral-9.4.2.tgz",
      "integrity": "sha512-M8Ozmzza4eY4hpLOYULgJxMYmBA0CsBnrE15/xw6LZkEREXnrX5z0NJsf8hUfdyF6BWZ+RBgzoiav32DAC5zcg==",
      "license": "(MIT AND CC-BY-4.0)",
      "engines": {
        "node": ">=18.0.0"
      },
      "peerDependencies": {
        "@dicebear/core": "^9.0.0"
      }
    },
    "node_modules/@dicebear/big-smile": {
      "version": "9.4.2",
      "resolved": "https://registry.npmmirror.com/@dicebear/big-smile/-/big-smile-9.4.2.tgz",
      "integrity": "sha512-hmT5i7rcPPhStjZyg28pbIhdTnnMBzK3RObI0vKCpY30EFrzaPkkdDL6Ck5fAFBdvDIW1EpOJkenyR0XPmhgbQ==",
      "license": "(MIT AND CC-BY-4.0)",
      "engines": {
        "node": ">=18.0.0"
      },
      "peerDependencies": {
        "@dicebear/core": "^9.0.0"
      }
    },
    "node_modules/@dicebear/bottts": {
      "version": "9.4.2",
      "resolved": "https://registry.npmmirror.com/@dicebear/bottts/-/bottts-9.4.2.tgz",
      "integrity": "sha512-tsx+dII7EFUCVA8URj66G1GqORCCVduCAx4dY2prEY2IeFianVpkntXuFsWZ9BBGx1NZFndvDith5oTwKMQPbQ==",
      "license": "See LICENSE file",
      "engines": {
        "node": ">=18.0.0"
      },
      "peerDependencies": {
        "@dicebear/core": "^9.0.0"
      }
    },
    "node_modules/@dicebear/bottts-neutral": {
      "version": "9.4.2",
      "resolved": "https://registry.npmmirror.com/@dicebear/bottts-neutral/-/bottts-neutral-9.4.2.tgz",
      "integrity": "sha512-kFNwWt6j+gzZ5n5Pz7WVwePubREAQOF8ZwWA9ztwVYDVMLnOChWbAofy5FED4j5md2MXFH2EgLCFCMr5K2BmIA==",
      "license": "See LICENSE file",
      "engines": {
        "node": ">=18.0.0"
      },
      "peerDependencies": {
        "@dicebear/core": "^9.0.0"
      }
    },
    "node_modules/@dicebear/collection": {
      "version": "9.4.2",
      "resolved": "https://registry.npmmirror.com/@dicebear/collection/-/collection-9.4.2.tgz",
      "integrity": "sha512-KArubv7if8H7j9sIfpDK2hJJqrdNVR5zMPAMOSpIU2JPyXx8TC9o5wsmXb8il5wOHgaS9Q/cla7jUNIiDD7Gsg==",
      "license": "MIT",
      "dependencies": {
        "@dicebear/adventurer": "9.4.2",
        "@dicebear/adventurer-neutral": "9.4.2",
        "@dicebear/avataaars": "9.4.2",
        "@dicebear/avataaars-neutral": "9.4.2",
        "@dicebear/big-ears": "9.4.2",
        "@dicebear/big-ears-neutral": "9.4.2",
        "@dicebear/big-smile": "9.4.2",
        "@dicebear/bottts": "9.4.2",
        "@dicebear/bottts-neutral": "9.4.2",
        "@dicebear/croodles": "9.4.2",
        "@dicebear/croodles-neutral": "9.4.2",
        "@dicebear/dylan": "9.4.2",
        "@dicebear/fun-emoji": "9.4.2",
        "@dicebear/glass": "9.4.2",
        "@dicebear/icons": "9.4.2",
        "@dicebear/identicon": "9.4.2",
        "@dicebear/initials": "9.4.2",
        "@dicebear/lorelei": "9.4.2",
        "@dicebear/lorelei-neutral": "9.4.2",
        "@dicebear/micah": "9.4.2",
        "@dicebear/miniavs": "9.4.2",
        "@dicebear/notionists": "9.4.2",
        "@dicebear/notionists-neutral": "9.4.2",
        "@dicebear/open-peeps": "9.4.2",
        "@dicebear/personas": "9.4.2",
        "@dicebear/pixel-art": "9.4.2",
        "@dicebear/pixel-art-neutral": "9.4.2",
        "@dicebear/rings": "9.4.2",
        "@dicebear/shapes": "9.4.2",
        "@dicebear/thumbs": "9.4.2",
        "@dicebear/toon-head": "9.4.2"
      },
      "engines": {
        "node": ">=18.0.0"
      },
      "peerDependencies": {
        "@dicebear/core": "^9.0.0"
      }
    },
    "node_modules/@dicebear/core": {
      "version": "9.4.3",
      "resolved": "https://registry.npmmirror.com/@dicebear/core/-/core-9.4.3.tgz",
      "integrity": "sha512-9ITrQI57k3p5hKuU8HZJ1d0kPdrmTKEJDOdlKQ8CpaChbtmnD1R+dtWmNz5IesYThXM8F64pJ0ZvJ2rsY8Hciw==",
      "license": "MIT",
      "dependencies": {
        "@types/json-schema": "^7.0.15"
      },
      "engines": {
        "node": ">=18.0.0"
      }
    },
    "node_modules/@dicebear/croodles": {
      "version": "9.4.2",
      "resolved": "https://registry.npmmirror.com/@dicebear/croodles/-/croodles-9.4.2.tgz",
      "integrity": "sha512-6VoO0JviIf7dKKMBTL/SMXxWhnXHaZuzufX90G0nXxS77ELG1YkGNMaZzawizN4C09Gbya2gJkozqrWiJN/aGw==",
      "license": "(MIT AND CC-BY-4.0)",
      "engines": {
        "node": ">=18.0.0"
      },
      "peerDependencies": {
        "@dicebear/core": "^9.0.0"
      }
    },
    "node_modules/@dicebear/croodles-neutral": {
      "version": "9.4.2",
      "resolved": "https://registry.npmmirror.com/@dicebear/croodles-neutral/-/croodles-neutral-9.4.2.tgz",
      "integrity": "sha512-oG5IeUdtiYshQ89gkAVcl5w3xAEi5UZX2fTzIyelpBPCG176l7VuuFzlxi2umnB3E6LVHYy06DXvUo/p+rXB2Q==",
      "license": "(MIT AND CC-BY-4.0)",
      "engines": {
        "node": ">=18.0.0"
      },
      "peerDependencies": {
        "@dicebear/core": "^9.0.0"
      }
    },
    "node_modules/@dicebear/dylan": {
      "version": "9.4.2",
      "resolved": "https://registry.npmmirror.com/@dicebear/dylan/-/dylan-9.4.2.tgz",
      "integrity": "sha512-1vQvRu9x9DrwFxhFaIU2rf0EUL04yDTbAt7fHyAjM0mEsKzTD4mRNf95tCRuavCoW6W48u7A/OY6jyIub6kxLQ==",
      "license": "(MIT AND CC-BY-4.0)",
      "engines": {
        "node": ">=18.0.0"
      },
      "peerDependencies": {
        "@dicebear/core": "^9.0.0"
      }
    },
    "node_modules/@dicebear/fun-emoji": {
      "version": "9.4.2",
      "resolved": "https://registry.npmmirror.com/@dicebear/fun-emoji/-/fun-emoji-9.4.2.tgz",
      "integrity": "sha512-kqB6LPkdYCdEU/mwbyz34xLzoNUKL6ARcoo3fr5ASq9D6ZE07qIKybC3xv5+CPz7VmspJ1Q3c/VVWVMDRP7Twg==",
      "license": "(MIT AND CC-BY-4.0)",
      "engines": {
        "node": ">=18.0.0"
      },
      "peerDependencies": {
        "@dicebear/core": "^9.0.0"
      }
    },
    "node_modules/@dicebear/glass": {
      "version": "9.4.2",
      "resolved": "https://registry.npmmirror.com/@dicebear/glass/-/glass-9.4.2.tgz",
      "integrity": "sha512-z5qUogHQ1b6UJ2zCqT848mU2U9DKbVDhiX6GPDjD7tYLisCCJVisH9p6WyNdHvflUd4SHkA6gRqVJIh2v2HnTA==",
      "license": "MIT",
      "engines": {
        "node": ">=18.0.0"
      },
      "peerDependencies": {
        "@dicebear/core": "^9.0.0"
      }
    },
    "node_modules/@dicebear/icons": {
      "version": "9.4.2",
      "resolved": "https://registry.npmmirror.com/@dicebear/icons/-/icons-9.4.2.tgz",
      "integrity": "sha512-QSMMz0NA03ypSGhXC8HQX8FSj8lYT+/5yqH+/N03OH2IjL0q7wwGZ7nqsrtlRp76O5WqMTwGfSbTUUYPjFr+Xw==",
      "license": "MIT",
      "engines": {
        "node": ">=18.0.0"
      },
      "peerDependencies": {
        "@dicebear/core": "^9.0.0"
      }
    },
    "node_modules/@dicebear/identicon": {
      "version": "9.4.2",
      "resolved": "https://registry.npmmirror.com/@dicebear/identicon/-/identicon-9.4.2.tgz",
      "integrity": "sha512-JVDSmZsv11mSWqwAktK5x9Bslht2xY3TFUn8xzu6slAYe1Z7hEXZ76eb+UJ6F4qEzdwZ7xPWzAS6Nb0Y3A0pww==",
      "license": "MIT",
      "engines": {
        "node": ">=18.0.0"
      },
      "peerDependencies": {
        "@dicebear/core": "^9.0.0"
      }
    },
    "node_modules/@dicebear/initials": {
      "version": "9.4.2",
      "resolved": "https://registry.npmmirror.com/@dicebear/initials/-/initials-9.4.2.tgz",
      "integrity": "sha512-yePuIUasmwtl9IrtB6rEzE/zb5fImKP/neW0CdcTC2MwLgMuP1GLHEGRgg1zI8exIh+PMv1YdLGyyUuRTE2Qpw==",
      "license": "MIT",
      "engines": {
        "node": ">=18.0.0"
      },
      "peerDependencies": {
        "@dicebear/core": "^9.0.0"
      }
    },
    "node_modules/@dicebear/lorelei": {
      "version": "9.4.2",
      "resolved": "https://registry.npmmirror.com/@dicebear/lorelei/-/lorelei-9.4.2.tgz",
      "integrity": "sha512-YMv6vnriW6VLFDsreKuOnUFFno6SRe7+7X7R7zPY0rZ+MaHX9V3jcioIG+1PSjIHEDfOLUHpr5vd1JBWv8y7UA==",
      "license": "MIT",
      "engines": {
        "node": ">=18.0.0"
      },
      "peerDependencies": {
        "@dicebear/core": "^9.0.0"
      }
    },
    "node_modules/@dicebear/lorelei-neutral": {
      "version": "9.4.2",
      "resolved": "https://registry.npmmirror.com/@dicebear/lorelei-neutral/-/lorelei-neutral-9.4.2.tgz",
      "integrity": "sha512-yspanTthA5vh6iCdeLzn6xZ4yYMYRcfcxblcgSvHTF1ut0bjAXtw5SXzZ6aJTrJWiHkzYOQuTOR6GVYiW80Q7w==",
      "license": "MIT",
      "engines": {
        "node": ">=18.0.0"
      },
      "peerDependencies": {
        "@dicebear/core": "^9.0.0"
      }
    },
    "node_modules/@dicebear/micah": {
      "version": "9.4.2",
      "resolved": "https://registry.npmmirror.com/@dicebear/micah/-/micah-9.4.2.tgz",
      "integrity": "sha512-e4D3W/OlChSsLo7Llwsy0J18vk0azJqF/uFoY+EKACCNHBc1HGNsqVvu2CTf+OWOA8wTyAK6UkjBN5p01r7D+g==",
      "license": "(MIT AND CC-BY-4.0)",
      "engines": {
        "node": ">=18.0.0"
      },
      "peerDependencies": {
        "@dicebear/core": "^9.0.0"
      }
    },
    "node_modules/@dicebear/miniavs": {
      "version": "9.4.2",
      "resolved": "https://registry.npmmirror.com/@dicebear/miniavs/-/miniavs-9.4.2.tgz",
      "integrity": "sha512-wLwyFNNUnDRd3BbhSBhXR0XEpX8sG0/xDA5M/OkDoapLqZnnI48YLUSDd2N5QTAVMmcSEuZOYxkcnj7WW79vlg==",
      "license": "(MIT AND CC-BY-4.0)",
      "engines": {
        "node": ">=18.0.0"
      },
      "peerDependencies": {
        "@dicebear/core": "^9.0.0"
      }
    },
    "node_modules/@dicebear/notionists": {
      "version": "9.4.2",
      "resolved": "https://registry.npmmirror.com/@dicebear/notionists/-/notionists-9.4.2.tgz",
      "integrity": "sha512-ZCySq+nxcD/x4xyYgytcj2N9uY3gxrL+qpnmOdp2BdA221KacVrxlsUPpIgEMqxS2rMmBQXfxg129Pzn4ycIpA==",
      "license": "MIT",
      "engines": {
        "node": ">=18.0.0"
      },
      "peerDependencies": {
        "@dicebear/core": "^9.0.0"
      }
    },
    "node_modules/@dicebear/notionists-neutral": {
      "version": "9.4.2",
      "resolved": "https://registry.npmmirror.com/@dicebear/notionists-neutral/-/notionists-neutral-9.4.2.tgz",
      "integrity": "sha512-AyD9kEfVxQUwDGf4Op059gVmYIOAkTKg3dtE9h9mEKP7zl/kMy5B67BFFOo7sB0mXCjzAegZ6ekGU02E8+hIHw==",
      "license": "MIT",
      "engines": {
        "node": ">=18.0.0"
      },
      "peerDependencies": {
        "@dicebear/core": "^9.0.0"
      }
    },
    "node_modules/@dicebear/open-peeps": {
      "version": "9.4.2",
      "resolved": "https://registry.npmmirror.com/@dicebear/open-peeps/-/open-peeps-9.4.2.tgz",
      "integrity": "sha512-i01tLgtp2g937T81sVeAOVlqsCtiTck/Kw20g7hN80+7xrXjOUepz2HPLy3HeiMjwjMGRy5o54kSd0/8Ht4Dqg==",
      "license": "MIT",
      "engines": {
        "node": ">=18.0.0"
      },
      "peerDependencies": {
        "@dicebear/core": "^9.0.0"
      }
    },
    "node_modules/@dicebear/personas": {
      "version": "9.4.2",
      "resolved": "https://registry.npmmirror.com/@dicebear/personas/-/personas-9.4.2.tgz",
      "integrity": "sha512-NJlkvI5F5gugt6t2+7QrYNTwQC7+4IQZS3vG0dYk2BncxOHax0BuLovdSdiAesTL4ZkytFYIydWmKmV2/xcUwg==",
      "license": "(MIT AND CC-BY-4.0)",
      "engines": {
        "node": ">=18.0.0"
      },
      "peerDependencies": {
        "@dicebear/core": "^9.0.0"
      }
    },
    "node_modules/@dicebear/pixel-art": {
      "version": "9.4.2",
      "resolved": "https://registry.npmmirror.com/@dicebear/pixel-art/-/pixel-art-9.4.2.tgz",
      "integrity": "sha512-peHf7oKICDgBZ8dUyj+txPnS7VZEWgvKE+xW4mNQqBt6dYZIjmva2shOVHn0b1JU+FDxMx3uIkWVixKdUq4WGg==",
      "license": "MIT",
      "engines": {
        "node": ">=18.0.0"
      },
      "peerDependencies": {
        "@dicebear/core": "^9.0.0"
      }
    },
    "node_modules/@dicebear/pixel-art-neutral": {
      "version": "9.4.2",
      "resolved": "https://registry.npmmirror.com/@dicebear/pixel-art-neutral/-/pixel-art-neutral-9.4.2.tgz",
      "integrity": "sha512-9e9Lz554uQvWaXV2P17ss+hPa6rTyuAKBtB8zk8ECjHiZzIl61N/KcTVLZ4dILVZwj7gYriaLo16QEqvL2GJCg==",
      "license": "MIT",
      "engines": {
        "node": ">=18.0.0"
      },
      "peerDependencies": {
        "@dicebear/core": "^9.0.0"
      }
    },
    "node_modules/@dicebear/rings": {
      "version": "9.4.2",
      "resolved": "https://registry.npmmirror.com/@dicebear/rings/-/rings-9.4.2.tgz",
      "integrity": "sha512-Pc3ymWrRDQPJFNrbbLt7RJrzGvUuuxUiDkrfLhoVE+B6mZWEL1PC78DPbS1yUWYLErJOpJuM2GSwXmTbVjWf+g==",
      "license": "MIT",
      "engines": {
        "node": ">=18.0.0"
      },
      "peerDependencies": {
        "@dicebear/core": "^9.0.0"
      }
    },
    "node_modules/@dicebear/shapes": {
      "version": "9.4.2",
      "resolved": "https://registry.npmmirror.com/@dicebear/shapes/-/shapes-9.4.2.tgz",
      "integrity": "sha512-AFL6jAaiLztvcqyq+ds+lWZu6Vbp3PlGWhJeJRm842jxtiluJpl6r4f6nUXP2fdMz7MNpDzXfLooQK9E04NbUQ==",
      "license": "MIT",
      "engines": {
        "node": ">=18.0.0"
      },
      "peerDependencies": {
        "@dicebear/core": "^9.0.0"
      }
    },
    "node_modules/@dicebear/thumbs": {
      "version": "9.4.2",
      "resolved": "https://registry.npmmirror.com/@dicebear/thumbs/-/thumbs-9.4.2.tgz",
      "integrity": "sha512-ccWvDBqbkWS5uzHbsg5L6uML6vBfX7jT3J3jHCQksvz8haHItxTK02w+6e1UavZUsvza4lG5X/XY3eji3siJ4Q==",
      "license": "MIT",
      "engines": {
        "node": ">=18.0.0"
      },
      "peerDependencies": {
        "@dicebear/core": "^9.0.0"
      }
    },
    "node_modules/@dicebear/toon-head": {
      "version": "9.4.2",
      "resolved": "https://registry.npmmirror.com/@dicebear/toon-head/-/toon-head-9.4.2.tgz",
      "integrity": "sha512-lwFeSXyAnaKnCfMt9TiJwnD1cXQUGkey/0h6i/+4TVHVMCz5/Ri5u1ynovPNHy1SnBf858QwoXHkxilGLwQX/g==",
      "license": "(MIT AND CC-BY-4.0)",
      "engines": {
        "node": ">=16.0.0"
      },
      "peerDependencies": {
        "@dicebear/core": "^9.0.0"
      }
    },
    "node_modules/@types/json-schema": {
      "version": "7.0.15",
      "resolved": "https://registry.npmmirror.com/@types/json-schema/-/json-schema-7.0.15.tgz",
      "integrity": "sha512-5+fP8P8MFNC+AyZCDxrB2pkZFPGzqQWUzpSeuuVLvm8VMcorNYavBqoFcxK8bQz4Qsbn4oUEEem4wDLfcysGHA==",
      "license": "MIT"
    },
    "node_modules/typescript": {
      "version": "5.9.3",
      "resolved": "https://registry.npmmirror.com/typescript/-/typescript-5.9.3.tgz",
      "integrity": "sha512-jl1vZzPDinLr9eUt3J/t7V6FgNEw9QjvBPdysz9KfQDD41fQrC2Y4vKQdiaUpFT4bXlb1RHhLpp8wtm6M5TgSw==",
      "dev": true,
      "license": "Apache-2.0",
      "bin": {
        "tsc": "bin/tsc",
        "tsserver": "bin/tsserver"
      },
      "engines": {
        "node": ">=14.17"
      }
    }
  }
}
