<?xml version="1.0" encoding="utf-8"?>
<Project ToolsVersion="17.0" xmlns="http://schemas.microsoft.com/developer/msbuild/2003">
  <ItemGroup>
    <CustomBuild Include="D:\_develop\_side\exam-online-cpp\cpp-backend\build-verify\CMakeFiles\dabc1ffb03f36e372ead8aaf95cc0c52\generate.stamp.rule">
      <Filter>CMake Rules</Filter>
    </CustomBuild>
  </ItemGroup>
  <ItemGroup>
    <Filter Include="CMake Rules">
      <UniqueIdentifier>{7B6BB082-DCCC-33A6-956D-AEA3E8FD1BA4}</UniqueIdentifier>
    </Filter>
  </ItemGroup>
</Project>
