<?xml version="1.0" encoding="utf-8"?>
<Project ToolsVersion="17.0" xmlns="http://schemas.microsoft.com/developer/msbuild/2003">
  <ItemGroup>
    <CustomBuild Include="D:\_develop\_side\exam-online-cpp\cpp-backend\build-verify2\CMakeFiles\b320e488b87e14bb5f27c160afc1ac5c\generate.stamp.rule">
      <Filter>CMake Rules</Filter>
    </CustomBuild>
  </ItemGroup>
  <ItemGroup>
    <Filter Include="CMake Rules">
      <UniqueIdentifier>{68E6CE5B-129A-3A52-A6DB-B334F28BBBA1}</UniqueIdentifier>
    </Filter>
  </ItemGroup>
</Project>
